<?xml version="1.0" encoding="utf-8"?>
<Project ToolsVersion="4.0" xmlns="http://schemas.microsoft.com/developer/msbuild/2003">
  <ItemGroup>
    <Filter Include="Source Files">
      <UniqueIdentifier>{4FC737F1-C7A5-4376-A066-2A32D752A2FF}</UniqueIdentifier>
      <Extensions>cpp;c;cc;cxx;c++;cppm;ixx;def;odl;idl;hpj;bat;asm;asmx</Extensions>
    </Filter>
    <Filter Include="Header Files">
      <UniqueIdentifier>{93995380-89BD-4b04-88EB-625FBE52EBFB}</UniqueIdentifier>
      <Extensions>h;hh;hpp;hxx;h++;hm;inl;inc;ipp;xsd</Extensions>
    </Filter>
    <Filter Include="Resource Files">
      <UniqueIdentifier>{67DA6AB6-F800-4c08-8B7A-83BB121AAD01}</UniqueIdentifier>
      <Extensions>rc;ico;cur;bmp;dlg;rc2;rct;bin;rgs;gif;jpg;jpeg;jpe;resx;tiff;tif;png;wav;mfcribbon-ms</Extensions>
    </Filter>
    <Filter Include="Source Files\Headers">
      <UniqueIdentifier>{e3e8f70c-f362-42fd-96df-8f3e12cca364}</UniqueIdentifier>
    </Filter>
    <Filter Include="Source Files\Entities">
      <UniqueIdentifier>{356b3ac3-03fb-4690-a805-775e2bf098dd}</UniqueIdentifier>
    </Filter>
    <Filter Include="Source Files\Enums">
      <UniqueIdentifier>{e2397057-4d11-4ea3-8d74-6af5b9bcb73b}</UniqueIdentifier>
    </Filter>
    <Filter Include="Source Files\Headers\Request">
      <UniqueIdentifier>{28216f1a-675a-458b-8d55-bd9ce82f4c41}</UniqueIdentifier>
    </Filter>
    <Filter Include="Source Files\Entities\Request">
      <UniqueIdentifier>{1363fde7-1aeb-4479-a4d8-714bb00de8b2}</UniqueIdentifier>
    </Filter>
  </ItemGroup>
  <ItemGroup>
    <ClCompile Include="main.cpp">
      <Filter>Source Files</Filter>
    </ClCompile>
    <ClCompile Include="ComponenteHardware.cpp">
      <Filter>Source Files\Entities</Filter>
    </ClCompile>
    <ClCompile Include="Processador.cpp">
      <Filter>Source Files\Entities</Filter>
    </ClCompile>
    <ClCompile Include="HardwareAnalyser.cpp">
      <Filter>Source Files\Entities</Filter>
    </ClCompile>
    <ClCompile Include="PlacaDeVideo.cpp">
      <Filter>Source Files\Entities</Filter>
    </ClCompile>
    <ClCompile Include="HttpHandler.h">
      <Filter>Source Files\Headers\Request</Filter>
    </ClCompile>
    <ClCompile Include="HttpHandler.cpp">
      <Filter>Source Files\Entities\Request</Filter>
    </ClCompile>
  </ItemGroup>
  <ItemGroup>
    <ClInclude Include="Processador.h">
      <Filter>Source Files\Headers</Filter>
    </ClInclude>
    <ClInclude Include="ComponenteHardware.h">
      <Filter>Source Files\Headers</Filter>
    </ClInclude>
    <ClInclude Include="HardwareAnalyser.h">
      <Filter>Source Files\Headers</Filter>
    </ClInclude>
    <ClInclude Include="EAnalyserStatus.h">
      <Filter>Source Files\Enums</Filter>
    </ClInclude>
    <ClInclude Include="PlacaDeVideo.h">
      <Filter>Source Files\Headers</Filter>
    </ClInclude>
    <ClInclude Include="..\..\..\..\..\Downloads\nvml.h">
      <Filter>Source Files\Headers</Filter>
    </ClInclude>
  </ItemGroup>
  <ItemGroup>
    <None Include="packages.config" />
  </ItemGroup>
</Project>